
Microsoft Visual Studio Solution File, Format Version 12.00
# Visual Studio Version 17
VisualStudioVersion = 17.4.33213.308
MinimumVisualStudioVersion = 10.0.40219.1
Project("{9A19103F-16F7-4668-BE54-9A1E7A4F7556}") = "Utility.BaseClasses", "Utility.BaseClasses.csproj", "{9F4AC98F-8509-40FE-881E-638298F681CE}"
EndProject
Global
	GlobalSection(SolutionConfigurationPlatforms) = preSolution
		Debug|Any CPU = Debug|Any CPU
		Release|Any CPU = Release|Any CPU
	EndGlobalSection
	GlobalSection(ProjectConfigurationPlatforms) = postSolution
		{9F4AC98F-8509-40FE-881E-638298F681CE}.Debug|Any CPU.ActiveCfg = Debug|Any CPU
		{9F4AC98F-8509-40FE-881E-638298F681CE}.Debug|Any CPU.Build.0 = Debug|Any CPU
		{9F4AC98F-8509-40FE-881E-638298F681CE}.Release|Any CPU.ActiveCfg = Release|Any CPU
		{9F4AC98F-8509-40FE-881E-638298F681CE}.Release|Any CPU.Build.0 = Release|Any CPU
	EndGlobalSection
	GlobalSection(SolutionProperties) = preSolution
		HideSolutionNode = FALSE
	EndGlobalSection
	GlobalSection(ExtensibilityGlobals) = postSolution
		SolutionGuid = {B316785D-AE83-4C65-84A0-1C1882429B59}
	EndGlobalSection
EndGlobal
